
Microsoft Visual Studio Solution File, Format Version 12.00
# Visual Studio Version 16
VisualStudioVersion = 16.0.31829.152
MinimumVisualStudioVersion = 10.0.40219.1
Project("{FAE04EC0-301F-11D3-BF4B-00C04F79EFBC}") = "AdventOfCodeDay1", "AdventOfCodeDay1\AdventOfCodeDay1.csproj", "{769EF6AE-605E-4921-AA12-30D66007DA77}"
EndProject
Global
	GlobalSection(SolutionConfigurationPlatforms) = preSolution
		Debug|Any CPU = Debug|Any CPU
		Release|Any CPU = Release|Any CPU
	EndGlobalSection
	GlobalSection(ProjectConfigurationPlatforms) = postSolution
		{769EF6AE-605E-4921-AA12-30D66007DA77}.Debug|Any CPU.ActiveCfg = Debug|Any CPU
		{769EF6AE-605E-4921-AA12-30D66007DA77}.Debug|Any CPU.Build.0 = Debug|Any CPU
		{769EF6AE-605E-4921-AA12-30D66007DA77}.Release|Any CPU.ActiveCfg = Release|Any CPU
		{769EF6AE-605E-4921-AA12-30D66007DA77}.Release|Any CPU.Build.0 = Release|Any CPU
	EndGlobalSection
	GlobalSection(SolutionProperties) = preSolution
		HideSolutionNode = FALSE
	EndGlobalSection
	GlobalSection(ExtensibilityGlobals) = postSolution
		SolutionGuid = {4BBDA182-79EA-4317-8236-2468287830FA}
	EndGlobalSection
EndGlobal
